// !$*UTF8*$!
{
	archiveVersion = 1;
	classes = {
	};
	objectVersion = 50;
	objects = {

/* Begin PBXBuildFile section */
		A7047025272B23D9008AA38D /* BucketStore.swift in Sources */ = {isa = PBXBuildFile; fileRef = A7047024272B23D9008AA38D /* BucketStore.swift */; };
		A7047028272B3270008AA38D /* ElectionDatam.swift in Sources */ = {isa = PBXBuildFile; fileRef = A7047027272B3270008AA38D /* ElectionDatam.swift */; };
		A75510942732FFC20024FC0B /* SearchBarView.swift in Sources */ = {isa = PBXBuildFile; fileRef = A75510932732FFC20024FC0B /* SearchBarView.swift */; };
		A77C56342720A7510032CF51 /* BucketRowView.swift in Sources */ = {isa = PBXBuildFile; fileRef = A77C56332720A7510032CF51 /* BucketRowView.swift */; };
		A797911B27288ADB003000C3 /* EmojiLogo.swift in Sources */ = {isa = PBXBuildFile; fileRef = A797911A27288ADB003000C3 /* EmojiLogo.swift */; };
		A797911F27288EC9003000C3 /* Utilities.swift in Sources */ = {isa = PBXBuildFile; fileRef = A797911E27288EC9003000C3 /* Utilities.swift */; };
		A7AC3C02271603E80046B20A /* DataApp.swift in Sources */ = {isa = PBXBuildFile; fileRef = A7AC3C01271603E80046B20A /* DataApp.swift */; };
		A7AC3C04271603E80046B20A /* DataView.swift in Sources */ = {isa = PBXBuildFile; fileRef = A7AC3C03271603E80046B20A /* DataView.swift */; };
		A7AC3C06271603E90046B20A /* Assets.xcassets in Resources */ = {isa = PBXBuildFile; fileRef = A7AC3C05271603E90046B20A /* Assets.xcassets */; };
		A7AC3C09271603E90046B20A /* Preview Assets.xcassets in Resources */ = {isa = PBXBuildFile; fileRef = A7AC3C08271603E90046B20A /* Preview Assets.xcassets */; };
		A7B39A62272B188800868EBA /* bucket2021.json in Resources */ = {isa = PBXBuildFile; fileRef = A7B39A61272B188800868EBA /* bucket2021.json */; };
		A7D667BC27305EB4006DE1C5 /* ElectionStore.swift in Sources */ = {isa = PBXBuildFile; fileRef = A7D667BB27305EB4006DE1C5 /* ElectionStore.swift */; };
		A7D667BF27305FB2006DE1C5 /* VoterRegistration.swift in Sources */ = {isa = PBXBuildFile; fileRef = A7D667BE27305FB2006DE1C5 /* VoterRegistration.swift */; };
		A7D667C2273060AA006DE1C5 /* RegistrationStore.swift in Sources */ = {isa = PBXBuildFile; fileRef = A7D667C1273060AA006DE1C5 /* RegistrationStore.swift */; };
		A7D667C527306E10006DE1C5 /* ElectionDataRowView.swift in Sources */ = {isa = PBXBuildFile; fileRef = A7D667C427306E10006DE1C5 /* ElectionDataRowView.swift */; };
		A7D667C827307002006DE1C5 /* RegistrationRowView.swift in Sources */ = {isa = PBXBuildFile; fileRef = A7D667C727307002006DE1C5 /* RegistrationRowView.swift */; };
		A7D667DD27307B3C006DE1C5 /* Voters.json in Resources */ = {isa = PBXBuildFile; fileRef = A7D667DB27307B3C006DE1C5 /* Voters.json */; };
		A7D667DE27307B3C006DE1C5 /* Presidential Polls.json in Resources */ = {isa = PBXBuildFile; fileRef = A7D667DC27307B3C006DE1C5 /* Presidential Polls.json */; };
		A7D874B8271DF55D0084D797 /* BucketListItem.swift in Sources */ = {isa = PBXBuildFile; fileRef = A7D874B7271DF55D0084D797 /* BucketListItem.swift */; };
		A7D874BD271DF72B0084D797 /* BucketDetailView.swift in Sources */ = {isa = PBXBuildFile; fileRef = A7D874BC271DF72B0084D797 /* BucketDetailView.swift */; };
/* End PBXBuildFile section */

/* Begin PBXFileReference section */
		A7047024272B23D9008AA38D /* BucketStore.swift */ = {isa = PBXFileReference; lastKnownFileType = sourcecode.swift; path = BucketStore.swift; sourceTree = "<group>"; };
		A7047027272B3270008AA38D /* ElectionDatam.swift */ = {isa = PBXFileReference; lastKnownFileType = sourcecode.swift; path = ElectionDatam.swift; sourceTree = "<group>"; };
		A75510932732FFC20024FC0B /* SearchBarView.swift */ = {isa = PBXFileReference; lastKnownFileType = sourcecode.swift; path = SearchBarView.swift; sourceTree = "<group>"; };
		A77C56332720A7510032CF51 /* BucketRowView.swift */ = {isa = PBXFileReference; lastKnownFileType = sourcecode.swift; path = BucketRowView.swift; sourceTree = "<group>"; };
		A797911A27288ADB003000C3 /* EmojiLogo.swift */ = {isa = PBXFileReference; lastKnownFileType = sourcecode.swift; path = EmojiLogo.swift; sourceTree = "<group>"; };
		A797911E27288EC9003000C3 /* Utilities.swift */ = {isa = PBXFileReference; lastKnownFileType = sourcecode.swift; path = Utilities.swift; sourceTree = "<group>"; };
		A7AC3BFE271603E80046B20A /* Data.app */ = {isa = PBXFileReference; explicitFileType = wrapper.application; includeInIndex = 0; path = Data.app; sourceTree = BUILT_PRODUCTS_DIR; };
		A7AC3C01271603E80046B20A /* DataApp.swift */ = {isa = PBXFileReference; lastKnownFileType = sourcecode.swift; path = DataApp.swift; sourceTree = "<group>"; };
		A7AC3C03271603E80046B20A /* DataView.swift */ = {isa = PBXFileReference; lastKnownFileType = sourcecode.swift; path = DataView.swift; sourceTree = "<group>"; };
		A7AC3C05271603E90046B20A /* Assets.xcassets */ = {isa = PBXFileReference; lastKnownFileType = folder.assetcatalog; path = Assets.xcassets; sourceTree = "<group>"; };
		A7AC3C08271603E90046B20A /* Preview Assets.xcassets */ = {isa = PBXFileReference; lastKnownFileType = folder.assetcatalog; path = "Preview Assets.xcassets"; sourceTree = "<group>"; };
		A7AC3C0A271603E90046B20A /* Info.plist */ = {isa = PBXFileReference; lastKnownFileType = text.plist.xml; path = Info.plist; sourceTree = "<group>"; };
		A7B39A61272B188800868EBA /* bucket2021.json */ = {isa = PBXFileReference; fileEncoding = 4; lastKnownFileType = text.json; name = bucket2021.json; path = "../../../../../../../Downloads/Used Downloads/bucket2021.json"; sourceTree = "<group>"; };
		A7D667BB27305EB4006DE1C5 /* ElectionStore.swift */ = {isa = PBXFileReference; lastKnownFileType = sourcecode.swift; path = ElectionStore.swift; sourceTree = "<group>"; };
		A7D667BE27305FB2006DE1C5 /* VoterRegistration.swift */ = {isa = PBXFileReference; lastKnownFileType = sourcecode.swift; path = VoterRegistration.swift; sourceTree = "<group>"; };
		A7D667C1273060AA006DE1C5 /* RegistrationStore.swift */ = {isa = PBXFileReference; lastKnownFileType = sourcecode.swift; path = RegistrationStore.swift; sourceTree = "<group>"; };
		A7D667C427306E10006DE1C5 /* ElectionDataRowView.swift */ = {isa = PBXFileReference; lastKnownFileType = sourcecode.swift; path = ElectionDataRowView.swift; sourceTree = "<group>"; };
		A7D667C727307002006DE1C5 /* RegistrationRowView.swift */ = {isa = PBXFileReference; lastKnownFileType = sourcecode.swift; path = RegistrationRowView.swift; sourceTree = "<group>"; };
		A7D667DB27307B3C006DE1C5 /* Voters.json */ = {isa = PBXFileReference; fileEncoding = 4; lastKnownFileType = text.json; path = Voters.json; sourceTree = "<group>"; };
		A7D667DC27307B3C006DE1C5 /* Presidential Polls.json */ = {isa = PBXFileReference; fileEncoding = 4; lastKnownFileType = text.json; path = "Presidential Polls.json"; sourceTree = "<group>"; };
		A7D874B7271DF55D0084D797 /* BucketListItem.swift */ = {isa = PBXFileReference; lastKnownFileType = sourcecode.swift; path = BucketListItem.swift; sourceTree = "<group>"; };
		A7D874BC271DF72B0084D797 /* BucketDetailView.swift */ = {isa = PBXFileReference; lastKnownFileType = sourcecode.swift; path = BucketDetailView.swift; sourceTree = "<group>"; };
/* End PBXFileReference section */

/* Begin PBXFrameworksBuildPhase section */
		A7AC3BFB271603E80046B20A /* Frameworks */ = {
			isa = PBXFrameworksBuildPhase;
			buildActionMask = 2147483647;
			files = (
			);
			runOnlyForDeploymentPostprocessing = 0;
		};
/* End PBXFrameworksBuildPhase section */

/* Begin PBXGroup section */
		A7AC3BF5271603E80046B20A = {
			isa = PBXGroup;
			children = (
				A7AC3C00271603E80046B20A /* Data */,
				A7AC3BFF271603E80046B20A /* Products */,
			);
			sourceTree = "<group>";
		};
		A7AC3BFF271603E80046B20A /* Products */ = {
			isa = PBXGroup;
			children = (
				A7AC3BFE271603E80046B20A /* Data.app */,
			);
			name = Products;
			sourceTree = "<group>";
		};
		A7AC3C00271603E80046B20A /* Data */ = {
			isa = PBXGroup;
			children = (
				A7D874B6271DF5300084D797 /* Model */,
				A7AC3C11271603FC0046B20A /* Resources */,
				A7D874BA271DF6DF0084D797 /* ViewController */,
				A7AC3C07271603E90046B20A /* Preview Content */,
			);
			path = Data;
			sourceTree = "<group>";
		};
		A7AC3C07271603E90046B20A /* Preview Content */ = {
			isa = PBXGroup;
			children = (
				A7AC3C08271603E90046B20A /* Preview Assets.xcassets */,
			);
			path = "Preview Content";
			sourceTree = "<group>";
		};
		A7AC3C11271603FC0046B20A /* Resources */ = {
			isa = PBXGroup;
			children = (
				A797911E27288EC9003000C3 /* Utilities.swift */,
				A7AC3C14271610440046B20A /* Data */,
				A7AC3C01271603E80046B20A /* DataApp.swift */,
				A7AC3C05271603E90046B20A /* Assets.xcassets */,
				A7AC3C0A271603E90046B20A /* Info.plist */,
			);
			path = Resources;
			sourceTree = "<group>";
		};
		A7AC3C14271610440046B20A /* Data */ = {
			isa = PBXGroup;
			children = (
				A7D667DC27307B3C006DE1C5 /* Presidential Polls.json */,
				A7D667DB27307B3C006DE1C5 /* Voters.json */,
				A7B39A61272B188800868EBA /* bucket2021.json */,
			);
			path = Data;
			sourceTree = "<group>";
		};
		A7D874B6271DF5300084D797 /* Model */ = {
			isa = PBXGroup;
			children = (
				A7D874B7271DF55D0084D797 /* BucketListItem.swift */,
				A7047024272B23D9008AA38D /* BucketStore.swift */,
				A7047027272B3270008AA38D /* ElectionDatam.swift */,
				A7D667BB27305EB4006DE1C5 /* ElectionStore.swift */,
				A7D667BE27305FB2006DE1C5 /* VoterRegistration.swift */,
				A7D667C1273060AA006DE1C5 /* RegistrationStore.swift */,
			);
			path = Model;
			sourceTree = "<group>";
		};
		A7D874BA271DF6DF0084D797 /* ViewController */ = {
			isa = PBXGroup;
			children = (
				A7AC3C03271603E80046B20A /* DataView.swift */,
				A7D874BC271DF72B0084D797 /* BucketDetailView.swift */,
				A77C56332720A7510032CF51 /* BucketRowView.swift */,
				A797911A27288ADB003000C3 /* EmojiLogo.swift */,
				A7D667C427306E10006DE1C5 /* ElectionDataRowView.swift */,
				A7D667C727307002006DE1C5 /* RegistrationRowView.swift */,
				A75510932732FFC20024FC0B /* SearchBarView.swift */,
			);
			path = ViewController;
			sourceTree = "<group>";
		};
/* End PBXGroup section */

/* Begin PBXNativeTarget section */
		A7AC3BFD271603E80046B20A /* Data */ = {
			isa = PBXNativeTarget;
			buildConfigurationList = A7AC3C0D271603E90046B20A /* Build configuration list for PBXNativeTarget "Data" */;
			buildPhases = (
				A7AC3BFA271603E80046B20A /* Sources */,
				A7AC3BFB271603E80046B20A /* Frameworks */,
				A7AC3BFC271603E80046B20A /* Resources */,
			);
			buildRules = (
			);
			dependencies = (
			);
			name = Data;
			productName = Data;
			productReference = A7AC3BFE271603E80046B20A /* Data.app */;
			productType = "com.apple.product-type.application";
		};
/* End PBXNativeTarget section */

/* Begin PBXProject section */
		A7AC3BF6271603E80046B20A /* Project object */ = {
			isa = PBXProject;
			attributes = {
				LastSwiftUpdateCheck = 1220;
				LastUpgradeCheck = 1220;
				TargetAttributes = {
					A7AC3BFD271603E80046B20A = {
						CreatedOnToolsVersion = 12.2;
					};
				};
			};
			buildConfigurationList = A7AC3BF9271603E80046B20A /* Build configuration list for PBXProject "Data" */;
			compatibilityVersion = "Xcode 9.3";
			developmentRegion = en;
			hasScannedForEncodings = 0;
			knownRegions = (
				en,
				Base,
			);
			mainGroup = A7AC3BF5271603E80046B20A;
			productRefGroup = A7AC3BFF271603E80046B20A /* Products */;
			projectDirPath = "";
			projectRoot = "";
			targets = (
				A7AC3BFD271603E80046B20A /* Data */,
			);
		};
/* End PBXProject section */

/* Begin PBXResourcesBuildPhase section */
		A7AC3BFC271603E80046B20A /* Resources */ = {
			isa = PBXResourcesBuildPhase;
			buildActionMask = 2147483647;
			files = (
				A7AC3C09271603E90046B20A /* Preview Assets.xcassets in Resources */,
				A7B39A62272B188800868EBA /* bucket2021.json in Resources */,
				A7D667DD27307B3C006DE1C5 /* Voters.json in Resources */,
				A7AC3C06271603E90046B20A /* Assets.xcassets in Resources */,
				A7D667DE27307B3C006DE1C5 /* Presidential Polls.json in Resources */,
			);
			runOnlyForDeploymentPostprocessing = 0;
		};
/* End PBXResourcesBuildPhase section */

/* Begin PBXSourcesBuildPhase section */
		A7AC3BFA271603E80046B20A /* Sources */ = {
			isa = PBXSourcesBuildPhase;
			buildActionMask = 2147483647;
			files = (
				A7AC3C04271603E80046B20A /* DataView.swift in Sources */,
				A7047028272B3270008AA38D /* ElectionDatam.swift in Sources */,
				A7D667C2273060AA006DE1C5 /* RegistrationStore.swift in Sources */,
				A7D667BF27305FB2006DE1C5 /* VoterRegistration.swift in Sources */,
				A77C56342720A7510032CF51 /* BucketRowView.swift in Sources */,
				A7D667C527306E10006DE1C5 /* ElectionDataRowView.swift in Sources */,
				A7D667C827307002006DE1C5 /* RegistrationRowView.swift in Sources */,
				A797911F27288EC9003000C3 /* Utilities.swift in Sources */,
				A7D667BC27305EB4006DE1C5 /* ElectionStore.swift in Sources */,
				A7D874BD271DF72B0084D797 /* BucketDetailView.swift in Sources */,
				A75510942732FFC20024FC0B /* SearchBarView.swift in Sources */,
				A7AC3C02271603E80046B20A /* DataApp.swift in Sources */,
				A7D874B8271DF55D0084D797 /* BucketListItem.swift in Sources */,
				A797911B27288ADB003000C3 /* EmojiLogo.swift in Sources */,
				A7047025272B23D9008AA38D /* BucketStore.swift in Sources */,
			);
			runOnlyForDeploymentPostprocessing = 0;
		};
/* End PBXSourcesBuildPhase section */

/* Begin XCBuildConfiguration section */
		A7AC3C0B271603E90046B20A /* Debug */ = {
			isa = XCBuildConfiguration;
			buildSettings = {
				ALWAYS_SEARCH_USER_PATHS = NO;
				CLANG_ANALYZER_NONNULL = YES;
				CLANG_ANALYZER_NUMBER_OBJECT_CONVERSION = YES_AGGRESSIVE;
				CLANG_CXX_LANGUAGE_STANDARD = "gnu++14";
				CLANG_CXX_LIBRARY = "libc++";
				CLANG_ENABLE_MODULES = YES;
				CLANG_ENABLE_OBJC_ARC = YES;
				CLANG_ENABLE_OBJC_WEAK = YES;
				CLANG_WARN_BLOCK_CAPTURE_AUTORELEASING = YES;
				CLANG_WARN_BOOL_CONVERSION = YES;
				CLANG_WARN_COMMA = YES;
				CLANG_WARN_CONSTANT_CONVERSION = YES;
				CLANG_WARN_DEPRECATED_OBJC_IMPLEMENTATIONS = YES;
				CLANG_WARN_DIRECT_OBJC_ISA_USAGE = YES_ERROR;
				CLANG_WARN_DOCUMENTATION_COMMENTS = YES;
				CLANG_WARN_EMPTY_BODY = YES;
				CLANG_WARN_ENUM_CONVERSION = YES;
				CLANG_WARN_INFINITE_RECURSION = YES;
				CLANG_WARN_INT_CONVERSION = YES;
				CLANG_WARN_NON_LITERAL_NULL_CONVERSION = YES;
				CLANG_WARN_OBJC_IMPLICIT_RETAIN_SELF = YES;
				CLANG_WARN_OBJC_LITERAL_CONVERSION = YES;
				CLANG_WARN_OBJC_ROOT_CLASS = YES_ERROR;
				CLANG_WARN_QUOTED_INCLUDE_IN_FRAMEWORK_HEADER = YES;
				CLANG_WARN_RANGE_LOOP_ANALYSIS = YES;
				CLANG_WARN_STRICT_PROTOTYPES = YES;
				CLANG_WARN_SUSPICIOUS_MOVE = YES;
				CLANG_WARN_UNGUARDED_AVAILABILITY = YES_AGGRESSIVE;
				CLANG_WARN_UNREACHABLE_CODE = YES;
				CLANG_WARN__DUPLICATE_METHOD_MATCH = YES;
				COPY_PHASE_STRIP = NO;
				DEBUG_INFORMATION_FORMAT = dwarf;
				ENABLE_STRICT_OBJC_MSGSEND = YES;
				ENABLE_TESTABILITY = YES;
				GCC_C_LANGUAGE_STANDARD = gnu11;
				GCC_DYNAMIC_NO_PIC = NO;
				GCC_NO_COMMON_BLOCKS = YES;
				GCC_OPTIMIZATION_LEVEL = 0;
				GCC_PREPROCESSOR_DEFINITIONS = (
					"DEBUG=1",
					"$(inherited)",
				);
				GCC_WARN_64_TO_32_BIT_CONVERSION = YES;
				GCC_WARN_ABOUT_RETURN_TYPE = YES_ERROR;
				GCC_WARN_UNDECLARED_SELECTOR = YES;
				GCC_WARN_UNINITIALIZED_AUTOS = YES_AGGRESSIVE;
				GCC_WARN_UNUSED_FUNCTION = YES;
				GCC_WARN_UNUSED_VARIABLE = YES;
				IPHONEOS_DEPLOYMENT_TARGET = 14.2;
				MTL_ENABLE_DEBUG_INFO = INCLUDE_SOURCE;
				MTL_FAST_MATH = YES;
				ONLY_ACTIVE_ARCH = YES;
				SDKROOT = iphoneos;
				SWIFT_ACTIVE_COMPILATION_CONDITIONS = DEBUG;
				SWIFT_OPTIMIZATION_LEVEL = "-Onone";
			};
			name = Debug;
		};
		A7AC3C0C271603E90046B20A /* Release */ = {
			isa = XCBuildConfiguration;
			buildSettings = {
				ALWAYS_SEARCH_USER_PATHS = NO;
				CLANG_ANALYZER_NONNULL = YES;
				CLANG_ANALYZER_NUMBER_OBJECT_CONVERSION = YES_AGGRESSIVE;
				CLANG_CXX_LANGUAGE_STANDARD = "gnu++14";
				CLANG_CXX_LIBRARY = "libc++";
				CLANG_ENABLE_MODULES = YES;
				CLANG_ENABLE_OBJC_ARC = YES;
				CLANG_ENABLE_OBJC_WEAK = YES;
				CLANG_WARN_BLOCK_CAPTURE_AUTORELEASING = YES;
				CLANG_WARN_BOOL_CONVERSION = YES;
				CLANG_WARN_COMMA = YES;
				CLANG_WARN_CONSTANT_CONVERSION = YES;
				CLANG_WARN_DEPRECATED_OBJC_IMPLEMENTATIONS = YES;
				CLANG_WARN_DIRECT_OBJC_ISA_USAGE = YES_ERROR;
				CLANG_WARN_DOCUMENTATION_COMMENTS = YES;
				CLANG_WARN_EMPTY_BODY = YES;
				CLANG_WARN_ENUM_CONVERSION = YES;
				CLANG_WARN_INFINITE_RECURSION = YES;
				CLANG_WARN_INT_CONVERSION = YES;
				CLANG_WARN_NON_LITERAL_NULL_CONVERSION = YES;
				CLANG_WARN_OBJC_IMPLICIT_RETAIN_SELF = YES;
				CLANG_WARN_OBJC_LITERAL_CONVERSION = YES;
				CLANG_WARN_OBJC_ROOT_CLASS = YES_ERROR;
				CLANG_WARN_QUOTED_INCLUDE_IN_FRAMEWORK_HEADER = YES;
				CLANG_WARN_RANGE_LOOP_ANALYSIS = YES;
				CLANG_WARN_STRICT_PROTOTYPES = YES;
				CLANG_WARN_SUSPICIOUS_MOVE = YES;
				CLANG_WARN_UNGUARDED_AVAILABILITY = YES_AGGRESSIVE;
				CLANG_WARN_UNREACHABLE_CODE = YES;
				CLANG_WARN__DUPLICATE_METHOD_MATCH = YES;
				COPY_PHASE_STRIP = NO;
				DEBUG_INFORMATION_FORMAT = "dwarf-with-dsym";
				ENABLE_NS_ASSERTIONS = NO;
				ENABLE_STRICT_OBJC_MSGSEND = YES;
				GCC_C_LANGUAGE_STANDARD = gnu11;
				GCC_NO_COMMON_BLOCKS = YES;
				GCC_WARN_64_TO_32_BIT_CONVERSION = YES;
				GCC_WARN_ABOUT_RETURN_TYPE = YES_ERROR;
				GCC_WARN_UNDECLARED_SELECTOR = YES;
				GCC_WARN_UNINITIALIZED_AUTOS = YES_AGGRESSIVE;
				GCC_WARN_UNUSED_FUNCTION = YES;
				GCC_WARN_UNUSED_VARIABLE = YES;
				IPHONEOS_DEPLOYMENT_TARGET = 14.2;
				MTL_ENABLE_DEBUG_INFO = NO;
				MTL_FAST_MATH = YES;
				SDKROOT = iphoneos;
				SWIFT_COMPILATION_MODE = wholemodule;
				SWIFT_OPTIMIZATION_LEVEL = "-O";
				VALIDATE_PRODUCT = YES;
			};
			name = Release;
		};
		A7AC3C0E271603E90046B20A /* Debug */ = {
			isa = XCBuildConfiguration;
			buildSettings = {
				ASSETCATALOG_COMPILER_APPICON_NAME = AppIcon;
				ASSETCATALOG_COMPILER_GLOBAL_ACCENT_COLOR_NAME = AccentColor;
				CODE_SIGN_STYLE = Automatic;
				DEVELOPMENT_ASSET_PATHS = "\"Data/Preview Content\"";
				ENABLE_PREVIEWS = YES;
				INFOPLIST_FILE = Data/Resources/Info.plist;
				IPHONEOS_DEPLOYMENT_TARGET = 14.0;
				LD_RUNPATH_SEARCH_PATHS = (
					"$(inherited)",
					"@executable_path/Frameworks",
				);
				PRODUCT_BUNDLE_IDENTIFIER = CTEC.Data;
				PRODUCT_NAME = "$(TARGET_NAME)";
				SWIFT_VERSION = 5.0;
				TARGETED_DEVICE_FAMILY = "1,2";
			};
			name = Debug;
		};
		A7AC3C0F271603E90046B20A /* Release */ = {
			isa = XCBuildConfiguration;
			buildSettings = {
				ASSETCATALOG_COMPILER_APPICON_NAME = AppIcon;
				ASSETCATALOG_COMPILER_GLOBAL_ACCENT_COLOR_NAME = AccentColor;
				CODE_SIGN_STYLE = Automatic;
				DEVELOPMENT_ASSET_PATHS = "\"Data/Preview Content\"";
				ENABLE_PREVIEWS = YES;
				INFOPLIST_FILE = Data/Resources/Info.plist;
				IPHONEOS_DEPLOYMENT_TARGET = 14.0;
				LD_RUNPATH_SEARCH_PATHS = (
					"$(inherited)",
					"@executable_path/Frameworks",
				);
				PRODUCT_BUNDLE_IDENTIFIER = CTEC.Data;
				PRODUCT_NAME = "$(TARGET_NAME)";
				SWIFT_VERSION = 5.0;
				TARGETED_DEVICE_FAMILY = "1,2";
			};
			name = Release;
		};
/* End XCBuildConfiguration section */

/* Begin XCConfigurationList section */
		A7AC3BF9271603E80046B20A /* Build configuration list for PBXProject "Data" */ = {
			isa = XCConfigurationList;
			buildConfigurations = (
				A7AC3C0B271603E90046B20A /* Debug */,
				A7AC3C0C271603E90046B20A /* Release */,
			);
			defaultConfigurationIsVisible = 0;
			defaultConfigurationName = Release;
		};
		A7AC3C0D271603E90046B20A /* Build configuration list for PBXNativeTarget "Data" */ = {
			isa = XCConfigurationList;
			buildConfigurations = (
				A7AC3C0E271603E90046B20A /* Debug */,
				A7AC3C0F271603E90046B20A /* Release */,
			);
			defaultConfigurationIsVisible = 0;
			defaultConfigurationName = Release;
		};
/* End XCConfigurationList section */
	};
	rootObject = A7AC3BF6271603E80046B20A /* Project object */;
}
